schema: '2.0'
stages:
  data_ingestion:
    cmd: uv run python src/01.data_ingestion.py
    deps:
    - path: src/01.data_ingestion.py
      hash: md5
      md5: ed635ca98b03bc13d407b9b2472d9461
      size: 2352
    outs:
    - path: data/cleaned
      hash: md5
      md5: 95039b850abe5e46163aee2ba5815a97.dir
      size: 7730654
      nfiles: 1
  data_cleaning:
    cmd: uv run python src/02.data_cleaning.py
    deps:
    - path: data/cleaned
      hash: md5
      md5: 95039b850abe5e46163aee2ba5815a97.dir
      size: 7730654
      nfiles: 1
    - path: src/02.data_cleaning.py
      hash: md5
      md5: aea83ea5fddf5c932d748a4d15d94d35
      size: 5847
    outs:
    - path: data/processed
      hash: md5
      md5: 3faeca273145c3d299d77933a7b826b8.dir
      size: 7865581
      nfiles: 1
  feature_engineering:
    cmd: uv run python src/03.feature_engineering.py
    deps:
    - path: data/processed
      hash: md5
      md5: 3faeca273145c3d299d77933a7b826b8.dir
      size: 7865581
      nfiles: 1
    - path: src/03.feature_engineering.py
      hash: md5
      md5: 7079983583130b505f18b577bba06813
      size: 7562
    params:
      params.yaml:
        feature_engineering.test_size: 0.35
    outs:
    - path: data/features
      hash: md5
      md5: 1bdb27c18b42d39adf70fa150d2fb2eb.dir
      size: 9819830
      nfiles: 4
    - path: models/preprocessor.joblib
      hash: md5
      md5: ae4a45aea98291836512da597b64ccce
      size: 7105
    - path: power_transformer.pkl
      hash: md5
      md5: 01139372825405470e9f29d8fa97785e
      size: 629
  model_building:
    cmd: uv run python src/04.model_building.py
    deps:
    - path: data/features
      hash: md5
      md5: 1bdb27c18b42d39adf70fa150d2fb2eb.dir
      size: 9819830
      nfiles: 4
    - path: src/04.model_building.py
      hash: md5
      md5: 60b1b92d2b10818d9d05297573ae86bb
      size: 5053
    params:
      params.yaml:
        model_building:
          max_depth: 3
          n_estimators: 100
          random_state: 42
    outs:
    - path: models/random_forest.joblib
      hash: md5
      md5: 09705f60b4d823cbd8cfd6501b2e3d67
      size: 141249
  model_evaluation:
    cmd: uv run python src/05.model_evaluation.py
    deps:
    - path: data/features
      hash: md5
      md5: 1bdb27c18b42d39adf70fa150d2fb2eb.dir
      size: 9819830
      nfiles: 4
    - path: models/random_forest.joblib
      hash: md5
      md5: 09705f60b4d823cbd8cfd6501b2e3d67
      size: 141249
    - path: power_transformer.pkl
      hash: md5
      md5: 01139372825405470e9f29d8fa97785e
      size: 629
    - path: src/05.model_evaluation.py
      hash: md5
      md5: 1b8b9abc52d5c806ade2f419ffc485cb
      size: 6007
    outs:
    - path: run_information.json
      hash: md5
      md5: 45de78fcb3ee71ea85e3a0b37f9a3efd
      size: 427
  model_registry:
    cmd: uv run python src/06.model_registry.py
    deps:
    - path: run_information.json
      hash: md5
      md5: 45de78fcb3ee71ea85e3a0b37f9a3efd
      size: 427
    - path: src/06.model_registry.py
      hash: md5
      md5: 6b8bc36a786b1afebc377462f7744c9d
      size: 2522
