schema: '2.0'
stages:
  data_ingestion:
    cmd: uv run python src/data_ingestion.py
    deps:
    - path: src/data_ingestion.py
      hash: md5
      md5: 9309eaeeb2985e8912b6d827b7fa8db2
      size: 1571
    outs:
    - path: data/raw
      hash: md5
      md5: 95039b850abe5e46163aee2ba5815a97.dir
      size: 7730654
      nfiles: 1
  data_cleaning:
    cmd: uv run python src/data_cleaning.py
    deps:
    - path: data/raw
      hash: md5
      md5: 95039b850abe5e46163aee2ba5815a97.dir
      size: 7730654
      nfiles: 1
    - path: src/data_cleaning.py
      hash: md5
      md5: f0032de925c82a30e229bc30aaadb675
      size: 5040
    outs:
    - path: data/processed
      hash: md5
      md5: e8db0aa4b1fdc40e86d57e5bc581274e.dir
      size: 7878711
      nfiles: 1
  feature_engineering:
    cmd: uv run python src/feature_engineering.py
    deps:
    - path: data/processed
      hash: md5
      md5: e8db0aa4b1fdc40e86d57e5bc581274e.dir
      size: 7878711
      nfiles: 1
    - path: src/feature_engineering.py
      hash: md5
      md5: aa61bf313aacbcbfbede5f3e33176714
      size: 6575
    params:
      params.yaml:
        feature_engineering.test_size: 0.3
    outs:
    - path: data/features
      hash: md5
      md5: 38e660b684ddfb578c4d9fdbd7960cde.dir
      size: 13812809
      nfiles: 4
  model_building:
    cmd: uv run python src/model_building.py
    deps:
    - path: data/features
      hash: md5
      md5: 38e660b684ddfb578c4d9fdbd7960cde.dir
      size: 13812809
      nfiles: 4
    - path: src/model_building.py
      hash: md5
      md5: ab781d6fc99040afb38b276b63260942
      size: 455
    outs:
    - path: model.pkl
      hash: md5
      md5: 07e876e548647ee4676e0bd9e8126171
      size: 2154
  model_evaluation:
    cmd: uv run python src/model_evaluation.py
    deps:
    - path: data/features
      hash: md5
      md5: 38e660b684ddfb578c4d9fdbd7960cde.dir
      size: 13812809
      nfiles: 4
    - path: model.pkl
      hash: md5
      md5: 07e876e548647ee4676e0bd9e8126171
      size: 2154
    - path: power_transformer.pkl
      hash: md5
      md5: a6c444ff925c3d2c91beb7b19fbe8d82
      size: 629
    - path: src/model_evaluation.py
      hash: md5
      md5: 31607e0c7adbce73f7fa7e57a3b007d5
      size: 928
    outs:
    - path: metrics.json
      hash: md5
      md5: 4f2f04e4363ad10b1e97e981fed753c1
      size: 72
